Microsoft Visual Studio Solution File, Format Version 12.00
# Visual Studio Version 16
VisualStudioVersion = 16.0.29409.12
MinimumVisualStudioVersion = 10.0.40219.1
Project("{FAE04EC0-301F-11D3-BF4B-00C04F79EFBC}") = "GridControlsInWpf_Blog", "GridControlsInWpf_Blog\GridControlsInWpf_Blog.csproj", "{DC70B139-ECC5-42FE-B288-633CAC8DA3D8}"
EndProject
Project("{FAE04EC0-301F-11D3-BF4B-00C04F79EFBC}") = "sunamo", "..\..\sunamo\sunamo\sunamo.csproj", "{F6F92307-B0B3-4D6C-BD9C-8B5FF5560DCF}"
EndProject
Project("{FAE04EC0-301F-11D3-BF4B-00C04F79EFBC}") = "shared", "..\..\sunamo\shared\shared.csproj", "{77719C0D-7C8B-4B9E-A644-AEE7CEB35134}"
EndProject
Project("{FAE04EC0-301F-11D3-BF4B-00C04F79EFBC}") = "desktop", "..\..\sunamo\desktop\desktop.csproj", "{772CACC2-80F3-4948-A443-3043195836E2}"
EndProject
Project("{FAE04EC0-301F-11D3-BF4B-00C04F79EFBC}") = "DynamicPanelControlsInWpf", "DynamicPanelControlsInWpf\DynamicPanelControlsInWpf.csproj", "{AF6DBB76-9250-4018-84D5-102388F878FE}"
EndProject
Project("{FAE04EC0-301F-11D3-BF4B-00C04F79EFBC}") = "Xlf", "..\..\sunamo\Xlf\Xlf.csproj", "{00B76D22-B82F-43FD-AC48-4B1F56E6910F}"
EndProject
Project("{FAE04EC0-301F-11D3-BF4B-00C04F79EFBC}") = "SearchTextBox", "..\..\sunamo.notmine\SearchTextBox\SearchTextBox.csproj", "{6A93CA19-38CB-4334-BCF6-1B4146C92C11}"
EndProject
Project("{FAE04EC0-301F-11D3-BF4B-00C04F79EFBC}") = "SunamoJson", "..\..\sunamoWithoutDep\SunamoJson\SunamoJson.csproj", "{F7D71FFF-5BB1-4DE4-A296-3B6B80837B89}"
EndProject
Project("{9A19103F-16F7-4668-BE54-9A1E7A4F7556}") = "duo", "..\..\sunamo\duo\duo.csproj", "{16DE71E3-F5D2-498E-B2BD-3CCB7D3C3234}"
EndProject
Project("{FAE04EC0-301F-11D3-BF4B-00C04F79EFBC}") = "SunamoMail", "..\..\sunamo\SunamoMail\SunamoMail.csproj", "{24D7D2FA-D9EF-47E2-A78C-86772D25D6AE}"
EndProject
Project("{FAE04EC0-301F-11D3-BF4B-00C04F79EFBC}") = "win", "..\..\sunamo\win\win.csproj", "{6DCCE286-D460-4C0A-8DA6-A02D01BE5276}"
EndProject
Project("{FAE04EC0-301F-11D3-BF4B-00C04F79EFBC}") = "SunamoExceptions", "..\..\sunamoWithoutDep\SunamoExceptions\SunamoExceptions.csproj", "{9BBC6B09-0A8F-4373-BB69-42CCC77512FA}"
EndProject
Project("{9A19103F-16F7-4668-BE54-9A1E7A4F7556}") = "Resources", "..\..\sunamo\Resources\Resources.csproj", "{062E40AF-34BF-4D85-B564-4E6D03605B2D}"
EndProject
Project("{FAE04EC0-301F-11D3-BF4B-00C04F79EFBC}") = "WinSec", "..\..\CredentialsWithoutDep\WinSec\WinSec.csproj", "{44D0990C-B530-46BA-A53F-66E2A426EB0B}"
EndProject
Project("{FAE04EC0-301F-11D3-BF4B-00C04F79EFBC}") = "fmdev.ResX", "..\..\sunamo.notmine\fmdev.ResX\fmdev.ResX.csproj", "{892C616C-9689-46AC-BC53-494063A120C9}"
EndProject
Project("{FAE04EC0-301F-11D3-BF4B-00C04F79EFBC}") = "XliffParser", "..\..\sunamo.notmine\XliffParser\XliffParser.csproj", "{931ECDC8-5BF8-489E-B7DE-DD56EF9C18B0}"
EndProject
Project("{FAE04EC0-301F-11D3-BF4B-00C04F79EFBC}") = "extensions", "..\..\sunamo\extensions\extensions.csproj", "{CEE88E43-580E-4880-B957-C8A6A40033BB}"
EndProject
Global
	GlobalSection(SolutionConfigurationPlatforms) = preSolution
		Debug|Any CPU = Debug|Any CPU
		Debug|x64 = Debug|x64
		Debug|x86 = Debug|x86
		Release|Any CPU = Release|Any CPU
		Release|x64 = Release|x64
		Release|x86 = Release|x86
	EndGlobalSection
	GlobalSection(ProjectConfigurationPlatforms) = postSolution
		{DC70B139-ECC5-42FE-B288-633CAC8DA3D8}.Debug|Any CPU.ActiveCfg = Debug|Any CPU
		{DC70B139-ECC5-42FE-B288-633CAC8DA3D8}.Debug|Any CPU.Build.0 = Debug|Any CPU
		{DC70B139-ECC5-42FE-B288-633CAC8DA3D8}.Debug|x64.ActiveCfg = Debug|x64
		{DC70B139-ECC5-42FE-B288-633CAC8DA3D8}.Debug|x64.Build.0 = Debug|x64
		{DC70B139-ECC5-42FE-B288-633CAC8DA3D8}.Debug|x86.ActiveCfg = Debug|x86
		{DC70B139-ECC5-42FE-B288-633CAC8DA3D8}.Debug|x86.Build.0 = Debug|x86
		{DC70B139-ECC5-42FE-B288-633CAC8DA3D8}.Release|Any CPU.ActiveCfg = Release|Any CPU
		{DC70B139-ECC5-42FE-B288-633CAC8DA3D8}.Release|Any CPU.Build.0 = Release|Any CPU
		{DC70B139-ECC5-42FE-B288-633CAC8DA3D8}.Release|x64.ActiveCfg = Release|x64
		{DC70B139-ECC5-42FE-B288-633CAC8DA3D8}.Release|x64.Build.0 = Release|x64
		{DC70B139-ECC5-42FE-B288-633CAC8DA3D8}.Release|x86.ActiveCfg = Release|x86
		{DC70B139-ECC5-42FE-B288-633CAC8DA3D8}.Release|x86.Build.0 = Release|x86
		{F6F92307-B0B3-4D6C-BD9C-8B5FF5560DCF}.Debug|Any CPU.ActiveCfg = Debug|Any CPU
		{F6F92307-B0B3-4D6C-BD9C-8B5FF5560DCF}.Debug|Any CPU.Build.0 = Debug|Any CPU
		{F6F92307-B0B3-4D6C-BD9C-8B5FF5560DCF}.Debug|x64.ActiveCfg = Debug|x64
		{F6F92307-B0B3-4D6C-BD9C-8B5FF5560DCF}.Debug|x64.Build.0 = Debug|x64
		{F6F92307-B0B3-4D6C-BD9C-8B5FF5560DCF}.Debug|x86.ActiveCfg = Debug|x86
		{F6F92307-B0B3-4D6C-BD9C-8B5FF5560DCF}.Debug|x86.Build.0 = Debug|x86
		{F6F92307-B0B3-4D6C-BD9C-8B5FF5560DCF}.Release|Any CPU.ActiveCfg = Release|Any CPU
		{F6F92307-B0B3-4D6C-BD9C-8B5FF5560DCF}.Release|Any CPU.Build.0 = Release|Any CPU
		{F6F92307-B0B3-4D6C-BD9C-8B5FF5560DCF}.Release|x64.ActiveCfg = Release|x64
		{F6F92307-B0B3-4D6C-BD9C-8B5FF5560DCF}.Release|x64.Build.0 = Release|x64
		{F6F92307-B0B3-4D6C-BD9C-8B5FF5560DCF}.Release|x86.ActiveCfg = Release|x86
		{F6F92307-B0B3-4D6C-BD9C-8B5FF5560DCF}.Release|x86.Build.0 = Release|x86
		{77719C0D-7C8B-4B9E-A644-AEE7CEB35134}.Debug|Any CPU.ActiveCfg = Debug|Any CPU
		{77719C0D-7C8B-4B9E-A644-AEE7CEB35134}.Debug|Any CPU.Build.0 = Debug|Any CPU
		{77719C0D-7C8B-4B9E-A644-AEE7CEB35134}.Debug|x64.ActiveCfg = Debug|x64
		{77719C0D-7C8B-4B9E-A644-AEE7CEB35134}.Debug|x64.Build.0 = Debug|x64
		{77719C0D-7C8B-4B9E-A644-AEE7CEB35134}.Debug|x86.ActiveCfg = Debug|x86
		{77719C0D-7C8B-4B9E-A644-AEE7CEB35134}.Debug|x86.Build.0 = Debug|x86
		{77719C0D-7C8B-4B9E-A644-AEE7CEB35134}.Release|Any CPU.ActiveCfg = Release|Any CPU
		{77719C0D-7C8B-4B9E-A644-AEE7CEB35134}.Release|Any CPU.Build.0 = Release|Any CPU
		{77719C0D-7C8B-4B9E-A644-AEE7CEB35134}.Release|x64.ActiveCfg = Release|x64
		{77719C0D-7C8B-4B9E-A644-AEE7CEB35134}.Release|x64.Build.0 = Release|x64
		{77719C0D-7C8B-4B9E-A644-AEE7CEB35134}.Release|x86.ActiveCfg = Release|x86
		{77719C0D-7C8B-4B9E-A644-AEE7CEB35134}.Release|x86.Build.0 = Release|x86
		{772CACC2-80F3-4948-A443-3043195836E2}.Debug|Any CPU.ActiveCfg = Debug|Any CPU
		{772CACC2-80F3-4948-A443-3043195836E2}.Debug|Any CPU.Build.0 = Debug|Any CPU
		{772CACC2-80F3-4948-A443-3043195836E2}.Debug|x64.ActiveCfg = Debug|x64
		{772CACC2-80F3-4948-A443-3043195836E2}.Debug|x64.Build.0 = Debug|x64
		{772CACC2-80F3-4948-A443-3043195836E2}.Debug|x86.ActiveCfg = Debug|x86
		{772CACC2-80F3-4948-A443-3043195836E2}.Debug|x86.Build.0 = Debug|x86
		{772CACC2-80F3-4948-A443-3043195836E2}.Release|Any CPU.ActiveCfg = Release|Any CPU
		{772CACC2-80F3-4948-A443-3043195836E2}.Release|Any CPU.Build.0 = Release|Any CPU
		{772CACC2-80F3-4948-A443-3043195836E2}.Release|x64.ActiveCfg = Release|x64
		{772CACC2-80F3-4948-A443-3043195836E2}.Release|x64.Build.0 = Release|x64
		{772CACC2-80F3-4948-A443-3043195836E2}.Release|x86.ActiveCfg = Release|x86
		{772CACC2-80F3-4948-A443-3043195836E2}.Release|x86.Build.0 = Release|x86
		{AF6DBB76-9250-4018-84D5-102388F878FE}.Debug|Any CPU.ActiveCfg = Debug|Any CPU
		{AF6DBB76-9250-4018-84D5-102388F878FE}.Debug|Any CPU.Build.0 = Debug|Any CPU
		{AF6DBB76-9250-4018-84D5-102388F878FE}.Debug|x64.ActiveCfg = Debug|x64
		{AF6DBB76-9250-4018-84D5-102388F878FE}.Debug|x64.Build.0 = Debug|x64
		{AF6DBB76-9250-4018-84D5-102388F878FE}.Debug|x86.ActiveCfg = Debug|x86
		{AF6DBB76-9250-4018-84D5-102388F878FE}.Debug|x86.Build.0 = Debug|x86
		{AF6DBB76-9250-4018-84D5-102388F878FE}.Release|Any CPU.ActiveCfg = Release|Any CPU
		{AF6DBB76-9250-4018-84D5-102388F878FE}.Release|Any CPU.Build.0 = Release|Any CPU
		{AF6DBB76-9250-4018-84D5-102388F878FE}.Release|x64.ActiveCfg = Release|x64
		{AF6DBB76-9250-4018-84D5-102388F878FE}.Release|x64.Build.0 = Release|x64
		{AF6DBB76-9250-4018-84D5-102388F878FE}.Release|x86.ActiveCfg = Release|x86
		{AF6DBB76-9250-4018-84D5-102388F878FE}.Release|x86.Build.0 = Release|x86
		{00B76D22-B82F-43FD-AC48-4B1F56E6910F}.Debug|Any CPU.ActiveCfg = Debug|Any CPU
		{00B76D22-B82F-43FD-AC48-4B1F56E6910F}.Debug|Any CPU.Build.0 = Debug|Any CPU
		{00B76D22-B82F-43FD-AC48-4B1F56E6910F}.Debug|x64.ActiveCfg = Debug|x64
		{00B76D22-B82F-43FD-AC48-4B1F56E6910F}.Debug|x64.Build.0 = Debug|x64
		{00B76D22-B82F-43FD-AC48-4B1F56E6910F}.Debug|x86.ActiveCfg = Debug|x86
		{00B76D22-B82F-43FD-AC48-4B1F56E6910F}.Debug|x86.Build.0 = Debug|x86
		{00B76D22-B82F-43FD-AC48-4B1F56E6910F}.Release|Any CPU.ActiveCfg = Release|Any CPU
		{00B76D22-B82F-43FD-AC48-4B1F56E6910F}.Release|Any CPU.Build.0 = Release|Any CPU
		{00B76D22-B82F-43FD-AC48-4B1F56E6910F}.Release|x64.ActiveCfg = Release|x64
		{00B76D22-B82F-43FD-AC48-4B1F56E6910F}.Release|x64.Build.0 = Release|x64
		{00B76D22-B82F-43FD-AC48-4B1F56E6910F}.Release|x86.ActiveCfg = Release|x86
		{00B76D22-B82F-43FD-AC48-4B1F56E6910F}.Release|x86.Build.0 = Release|x86
		{6A93CA19-38CB-4334-BCF6-1B4146C92C11}.Debug|Any CPU.ActiveCfg = Debug|Any CPU
		{6A93CA19-38CB-4334-BCF6-1B4146C92C11}.Debug|Any CPU.Build.0 = Debug|Any CPU
		{6A93CA19-38CB-4334-BCF6-1B4146C92C11}.Debug|x64.ActiveCfg = Debug|x64
		{6A93CA19-38CB-4334-BCF6-1B4146C92C11}.Debug|x64.Build.0 = Debug|x64
		{6A93CA19-38CB-4334-BCF6-1B4146C92C11}.Debug|x86.ActiveCfg = Debug|x86
		{6A93CA19-38CB-4334-BCF6-1B4146C92C11}.Debug|x86.Build.0 = Debug|x86
		{6A93CA19-38CB-4334-BCF6-1B4146C92C11}.Release|Any CPU.ActiveCfg = Release|Any CPU
		{6A93CA19-38CB-4334-BCF6-1B4146C92C11}.Release|Any CPU.Build.0 = Release|Any CPU
		{6A93CA19-38CB-4334-BCF6-1B4146C92C11}.Release|x64.ActiveCfg = Release|x64
		{6A93CA19-38CB-4334-BCF6-1B4146C92C11}.Release|x64.Build.0 = Release|x64
		{6A93CA19-38CB-4334-BCF6-1B4146C92C11}.Release|x86.ActiveCfg = Release|x86
		{6A93CA19-38CB-4334-BCF6-1B4146C92C11}.Release|x86.Build.0 = Release|x86
		{F7D71FFF-5BB1-4DE4-A296-3B6B80837B89}.Debug|Any CPU.ActiveCfg = Debug|Any CPU
		{F7D71FFF-5BB1-4DE4-A296-3B6B80837B89}.Debug|Any CPU.Build.0 = Debug|Any CPU
		{F7D71FFF-5BB1-4DE4-A296-3B6B80837B89}.Debug|x64.ActiveCfg = Debug|x64
		{F7D71FFF-5BB1-4DE4-A296-3B6B80837B89}.Debug|x64.Build.0 = Debug|x64
		{F7D71FFF-5BB1-4DE4-A296-3B6B80837B89}.Debug|x86.ActiveCfg = Debug|x86
		{F7D71FFF-5BB1-4DE4-A296-3B6B80837B89}.Debug|x86.Build.0 = Debug|x86
		{F7D71FFF-5BB1-4DE4-A296-3B6B80837B89}.Release|Any CPU.ActiveCfg = Release|Any CPU
		{F7D71FFF-5BB1-4DE4-A296-3B6B80837B89}.Release|Any CPU.Build.0 = Release|Any CPU
		{F7D71FFF-5BB1-4DE4-A296-3B6B80837B89}.Release|x64.ActiveCfg = Release|x64
		{F7D71FFF-5BB1-4DE4-A296-3B6B80837B89}.Release|x64.Build.0 = Release|x64
		{F7D71FFF-5BB1-4DE4-A296-3B6B80837B89}.Release|x86.ActiveCfg = Release|x86
		{F7D71FFF-5BB1-4DE4-A296-3B6B80837B89}.Release|x86.Build.0 = Release|x86
		{16DE71E3-F5D2-498E-B2BD-3CCB7D3C3234}.Debug|Any CPU.ActiveCfg = Debug|Any CPU
		{16DE71E3-F5D2-498E-B2BD-3CCB7D3C3234}.Debug|Any CPU.Build.0 = Debug|Any CPU
		{16DE71E3-F5D2-498E-B2BD-3CCB7D3C3234}.Debug|x64.ActiveCfg = Debug|x64
		{16DE71E3-F5D2-498E-B2BD-3CCB7D3C3234}.Debug|x64.Build.0 = Debug|x64
		{16DE71E3-F5D2-498E-B2BD-3CCB7D3C3234}.Debug|x86.ActiveCfg = Debug|x86
		{16DE71E3-F5D2-498E-B2BD-3CCB7D3C3234}.Debug|x86.Build.0 = Debug|x86
		{16DE71E3-F5D2-498E-B2BD-3CCB7D3C3234}.Release|Any CPU.ActiveCfg = Release|Any CPU
		{16DE71E3-F5D2-498E-B2BD-3CCB7D3C3234}.Release|Any CPU.Build.0 = Release|Any CPU
		{16DE71E3-F5D2-498E-B2BD-3CCB7D3C3234}.Release|x64.ActiveCfg = Release|x64
		{16DE71E3-F5D2-498E-B2BD-3CCB7D3C3234}.Release|x64.Build.0 = Release|x64
		{16DE71E3-F5D2-498E-B2BD-3CCB7D3C3234}.Release|x86.ActiveCfg = Release|x86
		{16DE71E3-F5D2-498E-B2BD-3CCB7D3C3234}.Release|x86.Build.0 = Release|x86
		{24D7D2FA-D9EF-47E2-A78C-86772D25D6AE}.Debug|Any CPU.ActiveCfg = Debug|Any CPU
		{24D7D2FA-D9EF-47E2-A78C-86772D25D6AE}.Debug|Any CPU.Build.0 = Debug|Any CPU
		{24D7D2FA-D9EF-47E2-A78C-86772D25D6AE}.Debug|x64.ActiveCfg = Debug|x64
		{24D7D2FA-D9EF-47E2-A78C-86772D25D6AE}.Debug|x64.Build.0 = Debug|x64
		{24D7D2FA-D9EF-47E2-A78C-86772D25D6AE}.Debug|x86.ActiveCfg = Debug|x86
		{24D7D2FA-D9EF-47E2-A78C-86772D25D6AE}.Debug|x86.Build.0 = Debug|x86
		{24D7D2FA-D9EF-47E2-A78C-86772D25D6AE}.Release|Any CPU.ActiveCfg = Release|Any CPU
		{24D7D2FA-D9EF-47E2-A78C-86772D25D6AE}.Release|Any CPU.Build.0 = Release|Any CPU
		{24D7D2FA-D9EF-47E2-A78C-86772D25D6AE}.Release|x64.ActiveCfg = Release|x64
		{24D7D2FA-D9EF-47E2-A78C-86772D25D6AE}.Release|x64.Build.0 = Release|x64
		{24D7D2FA-D9EF-47E2-A78C-86772D25D6AE}.Release|x86.ActiveCfg = Release|x86
		{24D7D2FA-D9EF-47E2-A78C-86772D25D6AE}.Release|x86.Build.0 = Release|x86
		{6DCCE286-D460-4C0A-8DA6-A02D01BE5276}.Debug|Any CPU.ActiveCfg = Debug|Any CPU
		{6DCCE286-D460-4C0A-8DA6-A02D01BE5276}.Debug|Any CPU.Build.0 = Debug|Any CPU
		{6DCCE286-D460-4C0A-8DA6-A02D01BE5276}.Debug|x64.ActiveCfg = Debug|x64
		{6DCCE286-D460-4C0A-8DA6-A02D01BE5276}.Debug|x64.Build.0 = Debug|x64
		{6DCCE286-D460-4C0A-8DA6-A02D01BE5276}.Debug|x86.ActiveCfg = Debug|x86
		{6DCCE286-D460-4C0A-8DA6-A02D01BE5276}.Debug|x86.Build.0 = Debug|x86
		{6DCCE286-D460-4C0A-8DA6-A02D01BE5276}.Release|Any CPU.ActiveCfg = Release|Any CPU
		{6DCCE286-D460-4C0A-8DA6-A02D01BE5276}.Release|Any CPU.Build.0 = Release|Any CPU
		{6DCCE286-D460-4C0A-8DA6-A02D01BE5276}.Release|x64.ActiveCfg = Release|x64
		{6DCCE286-D460-4C0A-8DA6-A02D01BE5276}.Release|x64.Build.0 = Release|x64
		{6DCCE286-D460-4C0A-8DA6-A02D01BE5276}.Release|x86.ActiveCfg = Release|x86
		{6DCCE286-D460-4C0A-8DA6-A02D01BE5276}.Release|x86.Build.0 = Release|x86
		{9BBC6B09-0A8F-4373-BB69-42CCC77512FA}.Debug|Any CPU.ActiveCfg = Debug|Any CPU
		{9BBC6B09-0A8F-4373-BB69-42CCC77512FA}.Debug|Any CPU.Build.0 = Debug|Any CPU
		{9BBC6B09-0A8F-4373-BB69-42CCC77512FA}.Debug|x64.ActiveCfg = Debug|x64
		{9BBC6B09-0A8F-4373-BB69-42CCC77512FA}.Debug|x64.Build.0 = Debug|x64
		{9BBC6B09-0A8F-4373-BB69-42CCC77512FA}.Debug|x86.ActiveCfg = Debug|x86
		{9BBC6B09-0A8F-4373-BB69-42CCC77512FA}.Debug|x86.Build.0 = Debug|x86
		{9BBC6B09-0A8F-4373-BB69-42CCC77512FA}.Release|Any CPU.ActiveCfg = Release|Any CPU
		{9BBC6B09-0A8F-4373-BB69-42CCC77512FA}.Release|Any CPU.Build.0 = Release|Any CPU
		{9BBC6B09-0A8F-4373-BB69-42CCC77512FA}.Release|x64.ActiveCfg = Release|x64
		{9BBC6B09-0A8F-4373-BB69-42CCC77512FA}.Release|x64.Build.0 = Release|x64
		{9BBC6B09-0A8F-4373-BB69-42CCC77512FA}.Release|x86.ActiveCfg = Release|x86
		{9BBC6B09-0A8F-4373-BB69-42CCC77512FA}.Release|x86.Build.0 = Release|x86
		{062E40AF-34BF-4D85-B564-4E6D03605B2D}.Debug|Any CPU.ActiveCfg = Debug|Any CPU
		{062E40AF-34BF-4D85-B564-4E6D03605B2D}.Debug|Any CPU.Build.0 = Debug|Any CPU
		{062E40AF-34BF-4D85-B564-4E6D03605B2D}.Debug|x64.ActiveCfg = Debug|x64
		{062E40AF-34BF-4D85-B564-4E6D03605B2D}.Debug|x64.Build.0 = Debug|x64
		{062E40AF-34BF-4D85-B564-4E6D03605B2D}.Debug|x86.ActiveCfg = Debug|x86
		{062E40AF-34BF-4D85-B564-4E6D03605B2D}.Debug|x86.Build.0 = Debug|x86
		{062E40AF-34BF-4D85-B564-4E6D03605B2D}.Release|Any CPU.ActiveCfg = Release|Any CPU
		{062E40AF-34BF-4D85-B564-4E6D03605B2D}.Release|Any CPU.Build.0 = Release|Any CPU
		{062E40AF-34BF-4D85-B564-4E6D03605B2D}.Release|x64.ActiveCfg = Release|x64
		{062E40AF-34BF-4D85-B564-4E6D03605B2D}.Release|x64.Build.0 = Release|x64
		{062E40AF-34BF-4D85-B564-4E6D03605B2D}.Release|x86.ActiveCfg = Release|x86
		{062E40AF-34BF-4D85-B564-4E6D03605B2D}.Release|x86.Build.0 = Release|x86
		{44D0990C-B530-46BA-A53F-66E2A426EB0B}.Debug|Any CPU.ActiveCfg = Debug|Any CPU
		{44D0990C-B530-46BA-A53F-66E2A426EB0B}.Debug|Any CPU.Build.0 = Debug|Any CPU
		{44D0990C-B530-46BA-A53F-66E2A426EB0B}.Debug|x64.ActiveCfg = Debug|x64
		{44D0990C-B530-46BA-A53F-66E2A426EB0B}.Debug|x64.Build.0 = Debug|x64
		{44D0990C-B530-46BA-A53F-66E2A426EB0B}.Debug|x86.ActiveCfg = Debug|x86
		{44D0990C-B530-46BA-A53F-66E2A426EB0B}.Debug|x86.Build.0 = Debug|x86
		{44D0990C-B530-46BA-A53F-66E2A426EB0B}.Release|Any CPU.ActiveCfg = Release|Any CPU
		{44D0990C-B530-46BA-A53F-66E2A426EB0B}.Release|Any CPU.Build.0 = Release|Any CPU
		{44D0990C-B530-46BA-A53F-66E2A426EB0B}.Release|x64.ActiveCfg = Release|x64
		{44D0990C-B530-46BA-A53F-66E2A426EB0B}.Release|x64.Build.0 = Release|x64
		{44D0990C-B530-46BA-A53F-66E2A426EB0B}.Release|x86.ActiveCfg = Release|x86
		{44D0990C-B530-46BA-A53F-66E2A426EB0B}.Release|x86.Build.0 = Release|x86
		{892C616C-9689-46AC-BC53-494063A120C9}.Debug|Any CPU.ActiveCfg = Debug|Any CPU
		{892C616C-9689-46AC-BC53-494063A120C9}.Debug|Any CPU.Build.0 = Debug|Any CPU
		{892C616C-9689-46AC-BC53-494063A120C9}.Debug|x64.ActiveCfg = Debug|x64
		{892C616C-9689-46AC-BC53-494063A120C9}.Debug|x64.Build.0 = Debug|x64
		{892C616C-9689-46AC-BC53-494063A120C9}.Debug|x86.ActiveCfg = Debug|x86
		{892C616C-9689-46AC-BC53-494063A120C9}.Debug|x86.Build.0 = Debug|x86
		{892C616C-9689-46AC-BC53-494063A120C9}.Release|Any CPU.ActiveCfg = Release|Any CPU
		{892C616C-9689-46AC-BC53-494063A120C9}.Release|Any CPU.Build.0 = Release|Any CPU
		{892C616C-9689-46AC-BC53-494063A120C9}.Release|x64.ActiveCfg = Release|x64
		{892C616C-9689-46AC-BC53-494063A120C9}.Release|x64.Build.0 = Release|x64
		{892C616C-9689-46AC-BC53-494063A120C9}.Release|x86.ActiveCfg = Release|x86
		{892C616C-9689-46AC-BC53-494063A120C9}.Release|x86.Build.0 = Release|x86
		{931ECDC8-5BF8-489E-B7DE-DD56EF9C18B0}.Debug|Any CPU.ActiveCfg = Debug|Any CPU
		{931ECDC8-5BF8-489E-B7DE-DD56EF9C18B0}.Debug|Any CPU.Build.0 = Debug|Any CPU
		{931ECDC8-5BF8-489E-B7DE-DD56EF9C18B0}.Debug|x64.ActiveCfg = Debug|x64
		{931ECDC8-5BF8-489E-B7DE-DD56EF9C18B0}.Debug|x64.Build.0 = Debug|x64
		{931ECDC8-5BF8-489E-B7DE-DD56EF9C18B0}.Debug|x86.ActiveCfg = Debug|x86
		{931ECDC8-5BF8-489E-B7DE-DD56EF9C18B0}.Debug|x86.Build.0 = Debug|x86
		{931ECDC8-5BF8-489E-B7DE-DD56EF9C18B0}.Release|Any CPU.ActiveCfg = Release|Any CPU
		{931ECDC8-5BF8-489E-B7DE-DD56EF9C18B0}.Release|Any CPU.Build.0 = Release|Any CPU
		{931ECDC8-5BF8-489E-B7DE-DD56EF9C18B0}.Release|x64.ActiveCfg = Release|x64
		{931ECDC8-5BF8-489E-B7DE-DD56EF9C18B0}.Release|x64.Build.0 = Release|x64
		{931ECDC8-5BF8-489E-B7DE-DD56EF9C18B0}.Release|x86.ActiveCfg = Release|x86
		{931ECDC8-5BF8-489E-B7DE-DD56EF9C18B0}.Release|x86.Build.0 = Release|x86
		{CEE88E43-580E-4880-B957-C8A6A40033BB}.Debug|Any CPU.ActiveCfg = Debug|Any CPU
		{CEE88E43-580E-4880-B957-C8A6A40033BB}.Debug|Any CPU.Build.0 = Debug|Any CPU
		{CEE88E43-580E-4880-B957-C8A6A40033BB}.Debug|x64.ActiveCfg = Debug|x64
		{CEE88E43-580E-4880-B957-C8A6A40033BB}.Debug|x64.Build.0 = Debug|x64
		{CEE88E43-580E-4880-B957-C8A6A40033BB}.Debug|x86.ActiveCfg = Debug|x86
		{CEE88E43-580E-4880-B957-C8A6A40033BB}.Debug|x86.Build.0 = Debug|x86
		{CEE88E43-580E-4880-B957-C8A6A40033BB}.Release|Any CPU.ActiveCfg = Release|Any CPU
		{CEE88E43-580E-4880-B957-C8A6A40033BB}.Release|Any CPU.Build.0 = Release|Any CPU
		{CEE88E43-580E-4880-B957-C8A6A40033BB}.Release|x64.ActiveCfg = Release|x64
		{CEE88E43-580E-4880-B957-C8A6A40033BB}.Release|x64.Build.0 = Release|x64
		{CEE88E43-580E-4880-B957-C8A6A40033BB}.Release|x86.ActiveCfg = Release|x86
		{CEE88E43-580E-4880-B957-C8A6A40033BB}.Release|x86.Build.0 = Release|x86
	EndGlobalSection
	GlobalSection(SolutionProperties) = preSolution
		HideSolutionNode = FALSE
	EndGlobalSection
	GlobalSection(ExtensibilityGlobals) = postSolution
		SolutionGuid = {5AF41FA0-11F4-4190-B57F-65D1818BD0BE}
	EndGlobalSection
EndGlobal
