<Solution>
  <Configurations>
    <Platform Name="Any CPU" />
    <Platform Name="x64" />
    <Platform Name="x86" />
  </Configurations>
  <Project Path="../../sunamo/desktop/desktop.csproj">
    <Platform Solution="*|x64" Project="x64" />
    <Platform Solution="*|x86" Project="x86" />
  </Project>
  <Project Path="../../sunamo/shared/shared.csproj">
    <Platform Solution="*|x64" Project="x64" />
    <Platform Solution="*|x86" Project="x86" />
  </Project>
  <Project Path="../../sunamo/sunamo/sunamo.csproj" />
  <Project Path="GridControlsInWpf_Blog/GridControlsInWpf_Blog.csproj" />
</Solution>
